
Microsoft Visual Studio Solution File, Format Version 12.00
# Visual Studio Version 16
VisualStudioVersion = 16.0.30611.23
MinimumVisualStudioVersion = 10.0.40219.1
Project("{9A19103F-16F7-4668-BE54-9A1E7A4F7556}") = "SmsSender", "SmsSender.csproj", "{9CE98EC4-D08A-4E19-91A4-657F0A0B2579}"
EndProject
Global
	GlobalSection(SolutionConfigurationPlatforms) = preSolution
		Debug|Any CPU = Debug|Any CPU
		Release|Any CPU = Release|Any CPU
	EndGlobalSection
	GlobalSection(ProjectConfigurationPlatforms) = postSolution
		{9CE98EC4-D08A-4E19-91A4-657F0A0B2579}.Debug|Any CPU.ActiveCfg = Debug|Any CPU
		{9CE98EC4-D08A-4E19-91A4-657F0A0B2579}.Debug|Any CPU.Build.0 = Debug|Any CPU
		{9CE98EC4-D08A-4E19-91A4-657F0A0B2579}.Release|Any CPU.ActiveCfg = Release|Any CPU
		{9CE98EC4-D08A-4E19-91A4-657F0A0B2579}.Release|Any CPU.Build.0 = Release|Any CPU
	EndGlobalSection
	GlobalSection(SolutionProperties) = preSolution
		HideSolutionNode = FALSE
	EndGlobalSection
	GlobalSection(ExtensibilityGlobals) = postSolution
		SolutionGuid = {166EBCA6-5E34-44CB-A142-D5A11F96CCF7}
	EndGlobalSection
EndGlobal
